Microsoft Visual Studio Solution File, Format Version 12.00
# Visual Studio Version 17
VisualStudioVersion = 17.5.2.0
MinimumVisualStudioVersion = 10.0.40219.1
Project("{FAE04EC0-301F-11D3-BF4B-00C04F79EFBC}") = "appweb2", "appweb2.csproj", "{B57D7A20-16C8-DEB3-C713-B2888BC2CAA8}"
EndProject
Global
	GlobalSection(SolutionConfigurationPlatforms) = preSolution
		Debug|Any CPU = Debug|Any CPU
		Release|Any CPU = Release|Any CPU
	EndGlobalSection
	GlobalSection(ProjectConfigurationPlatforms) = postSolution
		{B57D7A20-16C8-DEB3-C713-B2888BC2CAA8}.Debug|Any CPU.ActiveCfg = Debug|Any CPU
		{B57D7A20-16C8-DEB3-C713-B2888BC2CAA8}.Debug|Any CPU.Build.0 = Debug|Any CPU
		{B57D7A20-16C8-DEB3-C713-B2888BC2CAA8}.Release|Any CPU.ActiveCfg = Release|Any CPU
		{B57D7A20-16C8-DEB3-C713-B2888BC2CAA8}.Release|Any CPU.Build.0 = Release|Any CPU
	EndGlobalSection
	GlobalSection(SolutionProperties) = preSolution
		HideSolutionNode = FALSE
	EndGlobalSection
	GlobalSection(ExtensibilityGlobals) = postSolution
		SolutionGuid = {DBF7E997-E42F-402B-8329-6D52D78AAC0E}
	EndGlobalSection
EndGlobal
